
Microsoft Visual Studio Solution File, Format Version 12.00
# Visual Studio Version 17
VisualStudioVersion = 17.12.35309.182
MinimumVisualStudioVersion = 10.0.40219.1
Project("{9A19103F-16F7-4668-BE54-9A1E7A4F7556}") = "Fitnez", "Fitnez\Fitnez\Fitnez.csproj", "{5622D33A-16A4-4A03-9B40-F91442118186}"
EndProject
Project("{9A19103F-16F7-4668-BE54-9A1E7A4F7556}") = "Fitnez.Client", "Fitnez\Fitnez.Client\Fitnez.Client.csproj", "{1C2B79D5-7F2E-441A-B549-80176C7E7B9B}"
EndProject
Project("{9A19103F-16F7-4668-BE54-9A1E7A4F7556}") = "Share.Core", "Share\Share.Core\Share.Core.csproj", "{A94DD4EB-F743-4B9D-9CAD-30709EA54A3D}"
EndProject
Project("{9A19103F-16F7-4668-BE54-9A1E7A4F7556}") = "Share.UI", "Share\Share.UI\Share.UI.csproj", "{1A049057-0BB3-43AC-A126-5680AA7F32B4}"
EndProject
Project("{9A19103F-16F7-4668-BE54-9A1E7A4F7556}") = "Share.UI.Examples", "Share\Share.UI.Examples\Share.UI.Examples\Share.UI.Examples.csproj", "{0DCD6126-DC70-414B-8349-FAEAF2B5FC92}"
EndProject
Project("{9A19103F-16F7-4668-BE54-9A1E7A4F7556}") = "Share.UI.Examples.Client", "Share\Share.UI.Examples\Share.UI.Examples.Client\Share.UI.Examples.Client.csproj", "{E64CA208-891E-43A2-9C11-54969C70ADD2}"
EndProject
Project("{2150E333-8FDC-42A3-9474-1A3956D46DE8}") = "Fitnez", "Fitnez", "{BA282407-49D2-48ED-B15B-627FC03FC415}"
EndProject
Project("{2150E333-8FDC-42A3-9474-1A3956D46DE8}") = "Share", "Share", "{05FBCEF6-7650-4E3C-B005-683F71A4E06B}"
EndProject
Project("{2150E333-8FDC-42A3-9474-1A3956D46DE8}") = "UI", "UI", "{5585ED34-B3AA-4567-98FB-688196D2FBC4}"
EndProject
Project("{9A19103F-16F7-4668-BE54-9A1E7A4F7556}") = "Share.API", "Share\Share.API\Share.API.csproj", "{9837807A-6957-4958-8148-C598951092CA}"
EndProject
Project("{9A19103F-16F7-4668-BE54-9A1E7A4F7556}") = "Share.API.SDK", "Share\Share.API.SDK\Share.API.SDK.csproj", "{EB3AFBA5-924F-4D0B-9161-27AB4B4EF7AB}"
EndProject
Project("{2150E333-8FDC-42A3-9474-1A3956D46DE8}") = "Solution Items", "Solution Items", "{8FC7BEAA-0491-4238-91A9-816C39DF14DB}"
	ProjectSection(SolutionItems) = preProject
		.editorconfig = .editorconfig
	EndProjectSection
EndProject
Project("{9A19103F-16F7-4668-BE54-9A1E7A4F7556}") = "Share.Core.Test", "Share\Share.Core.Test\Share.Core.Test.csproj", "{255D4F27-E017-40E8-8B5A-34AFFDFF3A9D}"
EndProject
Project("{9A19103F-16F7-4668-BE54-9A1E7A4F7556}") = "Fitnez.Share", "Fitnez.Share\Fitnez.Share.csproj", "{1A154AC4-C015-4A45-AB94-B66847C33119}"
EndProject
Global
	GlobalSection(SolutionConfigurationPlatforms) = preSolution
		Debug|Any CPU = Debug|Any CPU
		Release|Any CPU = Release|Any CPU
	EndGlobalSection
	GlobalSection(ProjectConfigurationPlatforms) = postSolution
		{5622D33A-16A4-4A03-9B40-F91442118186}.Debug|Any CPU.ActiveCfg = Debug|Any CPU
		{5622D33A-16A4-4A03-9B40-F91442118186}.Debug|Any CPU.Build.0 = Debug|Any CPU
		{5622D33A-16A4-4A03-9B40-F91442118186}.Release|Any CPU.ActiveCfg = Release|Any CPU
		{5622D33A-16A4-4A03-9B40-F91442118186}.Release|Any CPU.Build.0 = Release|Any CPU
		{1C2B79D5-7F2E-441A-B549-80176C7E7B9B}.Debug|Any CPU.ActiveCfg = Debug|Any CPU
		{1C2B79D5-7F2E-441A-B549-80176C7E7B9B}.Debug|Any CPU.Build.0 = Debug|Any CPU
		{1C2B79D5-7F2E-441A-B549-80176C7E7B9B}.Release|Any CPU.ActiveCfg = Release|Any CPU
		{1C2B79D5-7F2E-441A-B549-80176C7E7B9B}.Release|Any CPU.Build.0 = Release|Any CPU
		{A94DD4EB-F743-4B9D-9CAD-30709EA54A3D}.Debug|Any CPU.ActiveCfg = Debug|Any CPU
		{A94DD4EB-F743-4B9D-9CAD-30709EA54A3D}.Debug|Any CPU.Build.0 = Debug|Any CPU
		{A94DD4EB-F743-4B9D-9CAD-30709EA54A3D}.Release|Any CPU.ActiveCfg = Release|Any CPU
		{A94DD4EB-F743-4B9D-9CAD-30709EA54A3D}.Release|Any CPU.Build.0 = Release|Any CPU
		{1A049057-0BB3-43AC-A126-5680AA7F32B4}.Debug|Any CPU.ActiveCfg = Debug|Any CPU
		{1A049057-0BB3-43AC-A126-5680AA7F32B4}.Debug|Any CPU.Build.0 = Debug|Any CPU
		{1A049057-0BB3-43AC-A126-5680AA7F32B4}.Release|Any CPU.ActiveCfg = Release|Any CPU
		{1A049057-0BB3-43AC-A126-5680AA7F32B4}.Release|Any CPU.Build.0 = Release|Any CPU
		{0DCD6126-DC70-414B-8349-FAEAF2B5FC92}.Debug|Any CPU.ActiveCfg = Debug|Any CPU
		{0DCD6126-DC70-414B-8349-FAEAF2B5FC92}.Debug|Any CPU.Build.0 = Debug|Any CPU
		{0DCD6126-DC70-414B-8349-FAEAF2B5FC92}.Release|Any CPU.ActiveCfg = Release|Any CPU
		{0DCD6126-DC70-414B-8349-FAEAF2B5FC92}.Release|Any CPU.Build.0 = Release|Any CPU
		{E64CA208-891E-43A2-9C11-54969C70ADD2}.Debug|Any CPU.ActiveCfg = Debug|Any CPU
		{E64CA208-891E-43A2-9C11-54969C70ADD2}.Debug|Any CPU.Build.0 = Debug|Any CPU
		{E64CA208-891E-43A2-9C11-54969C70ADD2}.Release|Any CPU.ActiveCfg = Release|Any CPU
		{E64CA208-891E-43A2-9C11-54969C70ADD2}.Release|Any CPU.Build.0 = Release|Any CPU
		{9837807A-6957-4958-8148-C598951092CA}.Debug|Any CPU.ActiveCfg = Debug|Any CPU
		{9837807A-6957-4958-8148-C598951092CA}.Debug|Any CPU.Build.0 = Debug|Any CPU
		{9837807A-6957-4958-8148-C598951092CA}.Release|Any CPU.ActiveCfg = Release|Any CPU
		{9837807A-6957-4958-8148-C598951092CA}.Release|Any CPU.Build.0 = Release|Any CPU
		{EB3AFBA5-924F-4D0B-9161-27AB4B4EF7AB}.Debug|Any CPU.ActiveCfg = Debug|Any CPU
		{EB3AFBA5-924F-4D0B-9161-27AB4B4EF7AB}.Debug|Any CPU.Build.0 = Debug|Any CPU
		{EB3AFBA5-924F-4D0B-9161-27AB4B4EF7AB}.Release|Any CPU.ActiveCfg = Release|Any CPU
		{EB3AFBA5-924F-4D0B-9161-27AB4B4EF7AB}.Release|Any CPU.Build.0 = Release|Any CPU
		{255D4F27-E017-40E8-8B5A-34AFFDFF3A9D}.Debug|Any CPU.ActiveCfg = Debug|Any CPU
		{255D4F27-E017-40E8-8B5A-34AFFDFF3A9D}.Debug|Any CPU.Build.0 = Debug|Any CPU
		{255D4F27-E017-40E8-8B5A-34AFFDFF3A9D}.Release|Any CPU.ActiveCfg = Release|Any CPU
		{255D4F27-E017-40E8-8B5A-34AFFDFF3A9D}.Release|Any CPU.Build.0 = Release|Any CPU
		{1A154AC4-C015-4A45-AB94-B66847C33119}.Debug|Any CPU.ActiveCfg = Debug|Any CPU
		{1A154AC4-C015-4A45-AB94-B66847C33119}.Debug|Any CPU.Build.0 = Debug|Any CPU
		{1A154AC4-C015-4A45-AB94-B66847C33119}.Release|Any CPU.ActiveCfg = Release|Any CPU
		{1A154AC4-C015-4A45-AB94-B66847C33119}.Release|Any CPU.Build.0 = Release|Any CPU
	EndGlobalSection
	GlobalSection(SolutionProperties) = preSolution
		HideSolutionNode = FALSE
	EndGlobalSection
	GlobalSection(NestedProjects) = preSolution
		{5622D33A-16A4-4A03-9B40-F91442118186} = {BA282407-49D2-48ED-B15B-627FC03FC415}
		{1C2B79D5-7F2E-441A-B549-80176C7E7B9B} = {BA282407-49D2-48ED-B15B-627FC03FC415}
		{A94DD4EB-F743-4B9D-9CAD-30709EA54A3D} = {05FBCEF6-7650-4E3C-B005-683F71A4E06B}
		{1A049057-0BB3-43AC-A126-5680AA7F32B4} = {5585ED34-B3AA-4567-98FB-688196D2FBC4}
		{0DCD6126-DC70-414B-8349-FAEAF2B5FC92} = {5585ED34-B3AA-4567-98FB-688196D2FBC4}
		{E64CA208-891E-43A2-9C11-54969C70ADD2} = {5585ED34-B3AA-4567-98FB-688196D2FBC4}
		{9837807A-6957-4958-8148-C598951092CA} = {05FBCEF6-7650-4E3C-B005-683F71A4E06B}
		{EB3AFBA5-924F-4D0B-9161-27AB4B4EF7AB} = {05FBCEF6-7650-4E3C-B005-683F71A4E06B}
		{255D4F27-E017-40E8-8B5A-34AFFDFF3A9D} = {05FBCEF6-7650-4E3C-B005-683F71A4E06B}
		{1A154AC4-C015-4A45-AB94-B66847C33119} = {BA282407-49D2-48ED-B15B-627FC03FC415}
	EndGlobalSection
	GlobalSection(ExtensibilityGlobals) = postSolution
		SolutionGuid = {BD9DF378-7430-45E8-9DC6-66186966B3C6}
	EndGlobalSection
EndGlobal
