
Microsoft Visual Studio Solution File, Format Version 12.00
# Visual Studio Version 17
VisualStudioVersion = 17.12.35309.182
MinimumVisualStudioVersion = 10.0.40219.1
Project("{2150E333-8FDC-42A3-9474-1A3956D46DE8}") = "Fitnez", "Fitnez", "{BA282407-49D2-48ED-B15B-627FC03FC415}"
EndProject
Project("{2150E333-8FDC-42A3-9474-1A3956D46DE8}") = "Share", "Share", "{05FBCEF6-7650-4E3C-B005-683F71A4E06B}"
EndProject
Project("{2150E333-8FDC-42A3-9474-1A3956D46DE8}") = "UI", "UI", "{5585ED34-B3AA-4567-98FB-688196D2FBC4}"
EndProject
Project("{2150E333-8FDC-42A3-9474-1A3956D46DE8}") = "Solution Items", "Solution Items", "{8FC7BEAA-0491-4238-91A9-816C39DF14DB}"
	ProjectSection(SolutionItems) = preProject
		.editorconfig = .editorconfig
	EndProjectSection
EndProject
Project("{FAE04EC0-301F-11D3-BF4B-00C04F79EFBC}") = "Share.Core", "Share.Core\Share.Core.csproj", "{FDD2F1E1-4E40-40FA-9240-1AE810A9335F}"
EndProject
Project("{FAE04EC0-301F-11D3-BF4B-00C04F79EFBC}") = "Share.API", "Share.API\Share.API.csproj", "{6C8447D7-0981-4280-8B84-02C3046DA183}"
EndProject
Project("{FAE04EC0-301F-11D3-BF4B-00C04F79EFBC}") = "Share.API.SDK", "Share.API.SDK\Share.API.SDK.csproj", "{8FDEE5F9-1F7D-4E76-B232-AEA76D239962}"
EndProject
Project("{FAE04EC0-301F-11D3-BF4B-00C04F79EFBC}") = "Share.UI", "Share.UI\Share.UI.csproj", "{CFC46452-7AA0-497F-83DB-6107E9A54CC7}"
EndProject
Project("{FAE04EC0-301F-11D3-BF4B-00C04F79EFBC}") = "Share.UI.Examples.Client", "Share.UI.Examples.Client\Share.UI.Examples.Client.csproj", "{FE6B0FB2-810C-4DFC-AB7F-0BF97585CA1B}"
EndProject
Project("{FAE04EC0-301F-11D3-BF4B-00C04F79EFBC}") = "Share.UI.Examples", "Share.UI.Examples\Share.UI.Examples.csproj", "{9FF1E8A2-E0F0-4B02-B83B-43188AACDC55}"
EndProject
Project("{FAE04EC0-301F-11D3-BF4B-00C04F79EFBC}") = "Fitnez.Share", "Fitnez.Share\Fitnez.Share.csproj", "{8A1C850F-1C2F-46E6-9D53-49A2DDD686DF}"
EndProject
Project("{FAE04EC0-301F-11D3-BF4B-00C04F79EFBC}") = "Fitnez.Client", "Fitnez.Client\Fitnez.Client.csproj", "{6ABAC758-2429-405F-AFFF-C51618C91636}"
EndProject
Project("{FAE04EC0-301F-11D3-BF4B-00C04F79EFBC}") = "Fitnez", "Fitnez\Fitnez.csproj", "{A4A62AE7-71FF-4BE7-9DF3-DE8F14567988}"
EndProject
Global
	GlobalSection(SolutionConfigurationPlatforms) = preSolution
		Debug|Any CPU = Debug|Any CPU
		Release|Any CPU = Release|Any CPU
	EndGlobalSection
	GlobalSection(ProjectConfigurationPlatforms) = postSolution
		{FDD2F1E1-4E40-40FA-9240-1AE810A9335F}.Debug|Any CPU.ActiveCfg = Debug|Any CPU
		{FDD2F1E1-4E40-40FA-9240-1AE810A9335F}.Debug|Any CPU.Build.0 = Debug|Any CPU
		{FDD2F1E1-4E40-40FA-9240-1AE810A9335F}.Release|Any CPU.ActiveCfg = Release|Any CPU
		{FDD2F1E1-4E40-40FA-9240-1AE810A9335F}.Release|Any CPU.Build.0 = Release|Any CPU
		{6C8447D7-0981-4280-8B84-02C3046DA183}.Debug|Any CPU.ActiveCfg = Debug|Any CPU
		{6C8447D7-0981-4280-8B84-02C3046DA183}.Debug|Any CPU.Build.0 = Debug|Any CPU
		{6C8447D7-0981-4280-8B84-02C3046DA183}.Release|Any CPU.ActiveCfg = Release|Any CPU
		{6C8447D7-0981-4280-8B84-02C3046DA183}.Release|Any CPU.Build.0 = Release|Any CPU
		{8FDEE5F9-1F7D-4E76-B232-AEA76D239962}.Debug|Any CPU.ActiveCfg = Debug|Any CPU
		{8FDEE5F9-1F7D-4E76-B232-AEA76D239962}.Debug|Any CPU.Build.0 = Debug|Any CPU
		{8FDEE5F9-1F7D-4E76-B232-AEA76D239962}.Release|Any CPU.ActiveCfg = Release|Any CPU
		{8FDEE5F9-1F7D-4E76-B232-AEA76D239962}.Release|Any CPU.Build.0 = Release|Any CPU
		{CFC46452-7AA0-497F-83DB-6107E9A54CC7}.Debug|Any CPU.ActiveCfg = Debug|Any CPU
		{CFC46452-7AA0-497F-83DB-6107E9A54CC7}.Debug|Any CPU.Build.0 = Debug|Any CPU
		{CFC46452-7AA0-497F-83DB-6107E9A54CC7}.Release|Any CPU.ActiveCfg = Release|Any CPU
		{CFC46452-7AA0-497F-83DB-6107E9A54CC7}.Release|Any CPU.Build.0 = Release|Any CPU
		{FE6B0FB2-810C-4DFC-AB7F-0BF97585CA1B}.Debug|Any CPU.ActiveCfg = Debug|Any CPU
		{FE6B0FB2-810C-4DFC-AB7F-0BF97585CA1B}.Debug|Any CPU.Build.0 = Debug|Any CPU
		{FE6B0FB2-810C-4DFC-AB7F-0BF97585CA1B}.Release|Any CPU.ActiveCfg = Release|Any CPU
		{FE6B0FB2-810C-4DFC-AB7F-0BF97585CA1B}.Release|Any CPU.Build.0 = Release|Any CPU
		{9FF1E8A2-E0F0-4B02-B83B-43188AACDC55}.Debug|Any CPU.ActiveCfg = Debug|Any CPU
		{9FF1E8A2-E0F0-4B02-B83B-43188AACDC55}.Debug|Any CPU.Build.0 = Debug|Any CPU
		{9FF1E8A2-E0F0-4B02-B83B-43188AACDC55}.Release|Any CPU.ActiveCfg = Release|Any CPU
		{9FF1E8A2-E0F0-4B02-B83B-43188AACDC55}.Release|Any CPU.Build.0 = Release|Any CPU
		{8A1C850F-1C2F-46E6-9D53-49A2DDD686DF}.Debug|Any CPU.ActiveCfg = Debug|Any CPU
		{8A1C850F-1C2F-46E6-9D53-49A2DDD686DF}.Debug|Any CPU.Build.0 = Debug|Any CPU
		{8A1C850F-1C2F-46E6-9D53-49A2DDD686DF}.Release|Any CPU.ActiveCfg = Release|Any CPU
		{8A1C850F-1C2F-46E6-9D53-49A2DDD686DF}.Release|Any CPU.Build.0 = Release|Any CPU
		{6ABAC758-2429-405F-AFFF-C51618C91636}.Debug|Any CPU.ActiveCfg = Debug|Any CPU
		{6ABAC758-2429-405F-AFFF-C51618C91636}.Debug|Any CPU.Build.0 = Debug|Any CPU
		{6ABAC758-2429-405F-AFFF-C51618C91636}.Release|Any CPU.ActiveCfg = Release|Any CPU
		{6ABAC758-2429-405F-AFFF-C51618C91636}.Release|Any CPU.Build.0 = Release|Any CPU
		{A4A62AE7-71FF-4BE7-9DF3-DE8F14567988}.Debug|Any CPU.ActiveCfg = Debug|Any CPU
		{A4A62AE7-71FF-4BE7-9DF3-DE8F14567988}.Debug|Any CPU.Build.0 = Debug|Any CPU
		{A4A62AE7-71FF-4BE7-9DF3-DE8F14567988}.Release|Any CPU.ActiveCfg = Release|Any CPU
		{A4A62AE7-71FF-4BE7-9DF3-DE8F14567988}.Release|Any CPU.Build.0 = Release|Any CPU
	EndGlobalSection
	GlobalSection(SolutionProperties) = preSolution
		HideSolutionNode = FALSE
	EndGlobalSection
	GlobalSection(NestedProjects) = preSolution
		{FDD2F1E1-4E40-40FA-9240-1AE810A9335F} = {05FBCEF6-7650-4E3C-B005-683F71A4E06B}
		{6C8447D7-0981-4280-8B84-02C3046DA183} = {05FBCEF6-7650-4E3C-B005-683F71A4E06B}
		{8FDEE5F9-1F7D-4E76-B232-AEA76D239962} = {05FBCEF6-7650-4E3C-B005-683F71A4E06B}
		{CFC46452-7AA0-497F-83DB-6107E9A54CC7} = {5585ED34-B3AA-4567-98FB-688196D2FBC4}
		{FE6B0FB2-810C-4DFC-AB7F-0BF97585CA1B} = {5585ED34-B3AA-4567-98FB-688196D2FBC4}
		{9FF1E8A2-E0F0-4B02-B83B-43188AACDC55} = {5585ED34-B3AA-4567-98FB-688196D2FBC4}
		{8A1C850F-1C2F-46E6-9D53-49A2DDD686DF} = {BA282407-49D2-48ED-B15B-627FC03FC415}
		{6ABAC758-2429-405F-AFFF-C51618C91636} = {BA282407-49D2-48ED-B15B-627FC03FC415}
		{A4A62AE7-71FF-4BE7-9DF3-DE8F14567988} = {BA282407-49D2-48ED-B15B-627FC03FC415}
	EndGlobalSection
	GlobalSection(ExtensibilityGlobals) = postSolution
		SolutionGuid = {BD9DF378-7430-45E8-9DC6-66186966B3C6}
	EndGlobalSection
EndGlobal
